
Microsoft Visual Studio Solution File, Format Version 12.00
# Visual Studio Version 16
VisualStudioVersion = 16.0.30907.101
MinimumVisualStudioVersion = 10.0.40219.1
Project("{FAE04EC0-301F-11D3-BF4B-00C04F79EFBC}") = "LoongEgg.MvvmNet", "LoongEgg.MvvmNet\LoongEgg.MvvmNet.csproj", "{0D76BAF6-3C68-4E76-BEFA-0B747DC93889}"
EndProject
Global
	GlobalSection(SolutionConfigurationPlatforms) = preSolution
		Debug|Any CPU = Debug|Any CPU
		Release|Any CPU = Release|Any CPU
	EndGlobalSection
	GlobalSection(ProjectConfigurationPlatforms) = postSolution
		{0D76BAF6-3C68-4E76-BEFA-0B747DC93889}.Debug|Any CPU.ActiveCfg = Debug|Any CPU
		{0D76BAF6-3C68-4E76-BEFA-0B747DC93889}.Debug|Any CPU.Build.0 = Debug|Any CPU
		{0D76BAF6-3C68-4E76-BEFA-0B747DC93889}.Release|Any CPU.ActiveCfg = Release|Any CPU
		{0D76BAF6-3C68-4E76-BEFA-0B747DC93889}.Release|Any CPU.Build.0 = Release|Any CPU
	EndGlobalSection
	GlobalSection(SolutionProperties) = preSolution
		HideSolutionNode = FALSE
	EndGlobalSection
	GlobalSection(ExtensibilityGlobals) = postSolution
		SolutionGuid = {814FBE5A-7043-47D3-876E-42465B301C31}
	EndGlobalSection
EndGlobal
